
Microsoft Visual Studio Solution File, Format Version 12.00
# Visual Studio 15
VisualStudioVersion = 15.0.26124.0
MinimumVisualStudioVersion = 15.0.26124.0
Project("{FAE04EC0-301F-11D3-BF4B-00C04F79EFBC}") = "invt.mngmt.sys.domain", "invt.mngmt.sys.domain\invt.mngmt.sys.domain.csproj", "{C705E674-971C-460D-BE55-DEDC786DB377}"
EndProject
Project("{FAE04EC0-301F-11D3-BF4B-00C04F79EFBC}") = "invt.mngmt.sys.cli", "invt.mngmt.sys.cli\invt.mngmt.sys.cli.csproj", "{554F2BB4-A2E8-4E79-96AD-5C34BF0C6814}"
EndProject
Project("{FAE04EC0-301F-11D3-BF4B-00C04F79EFBC}") = "invt.mngmt.sys.domain.tests", "invt.mngmt.sys.domain.tests\invt.mngmt.sys.domain.tests.csproj", "{1806F65C-C671-410F-9F04-B65EA02354B6}"
EndProject
Global
	GlobalSection(SolutionConfigurationPlatforms) = preSolution
		Debug|Any CPU = Debug|Any CPU
		Debug|x64 = Debug|x64
		Debug|x86 = Debug|x86
		Release|Any CPU = Release|Any CPU
		Release|x64 = Release|x64
		Release|x86 = Release|x86
	EndGlobalSection
	GlobalSection(SolutionProperties) = preSolution
		HideSolutionNode = FALSE
	EndGlobalSection
	GlobalSection(ProjectConfigurationPlatforms) = postSolution
		{C705E674-971C-460D-BE55-DEDC786DB377}.Debug|Any CPU.ActiveCfg = Debug|Any CPU
		{C705E674-971C-460D-BE55-DEDC786DB377}.Debug|Any CPU.Build.0 = Debug|Any CPU
		{C705E674-971C-460D-BE55-DEDC786DB377}.Debug|x64.ActiveCfg = Debug|Any CPU
		{C705E674-971C-460D-BE55-DEDC786DB377}.Debug|x64.Build.0 = Debug|Any CPU
		{C705E674-971C-460D-BE55-DEDC786DB377}.Debug|x86.ActiveCfg = Debug|Any CPU
		{C705E674-971C-460D-BE55-DEDC786DB377}.Debug|x86.Build.0 = Debug|Any CPU
		{C705E674-971C-460D-BE55-DEDC786DB377}.Release|Any CPU.ActiveCfg = Release|Any CPU
		{C705E674-971C-460D-BE55-DEDC786DB377}.Release|Any CPU.Build.0 = Release|Any CPU
		{C705E674-971C-460D-BE55-DEDC786DB377}.Release|x64.ActiveCfg = Release|Any CPU
		{C705E674-971C-460D-BE55-DEDC786DB377}.Release|x64.Build.0 = Release|Any CPU
		{C705E674-971C-460D-BE55-DEDC786DB377}.Release|x86.ActiveCfg = Release|Any CPU
		{C705E674-971C-460D-BE55-DEDC786DB377}.Release|x86.Build.0 = Release|Any CPU
		{554F2BB4-A2E8-4E79-96AD-5C34BF0C6814}.Debug|Any CPU.ActiveCfg = Debug|Any CPU
		{554F2BB4-A2E8-4E79-96AD-5C34BF0C6814}.Debug|Any CPU.Build.0 = Debug|Any CPU
		{554F2BB4-A2E8-4E79-96AD-5C34BF0C6814}.Debug|x64.ActiveCfg = Debug|Any CPU
		{554F2BB4-A2E8-4E79-96AD-5C34BF0C6814}.Debug|x64.Build.0 = Debug|Any CPU
		{554F2BB4-A2E8-4E79-96AD-5C34BF0C6814}.Debug|x86.ActiveCfg = Debug|Any CPU
		{554F2BB4-A2E8-4E79-96AD-5C34BF0C6814}.Debug|x86.Build.0 = Debug|Any CPU
		{554F2BB4-A2E8-4E79-96AD-5C34BF0C6814}.Release|Any CPU.ActiveCfg = Release|Any CPU
		{554F2BB4-A2E8-4E79-96AD-5C34BF0C6814}.Release|Any CPU.Build.0 = Release|Any CPU
		{554F2BB4-A2E8-4E79-96AD-5C34BF0C6814}.Release|x64.ActiveCfg = Release|Any CPU
		{554F2BB4-A2E8-4E79-96AD-5C34BF0C6814}.Release|x64.Build.0 = Release|Any CPU
		{554F2BB4-A2E8-4E79-96AD-5C34BF0C6814}.Release|x86.ActiveCfg = Release|Any CPU
		{554F2BB4-A2E8-4E79-96AD-5C34BF0C6814}.Release|x86.Build.0 = Release|Any CPU
		{1806F65C-C671-410F-9F04-B65EA02354B6}.Debug|Any CPU.ActiveCfg = Debug|Any CPU
		{1806F65C-C671-410F-9F04-B65EA02354B6}.Debug|Any CPU.Build.0 = Debug|Any CPU
		{1806F65C-C671-410F-9F04-B65EA02354B6}.Debug|x64.ActiveCfg = Debug|Any CPU
		{1806F65C-C671-410F-9F04-B65EA02354B6}.Debug|x64.Build.0 = Debug|Any CPU
		{1806F65C-C671-410F-9F04-B65EA02354B6}.Debug|x86.ActiveCfg = Debug|Any CPU
		{1806F65C-C671-410F-9F04-B65EA02354B6}.Debug|x86.Build.0 = Debug|Any CPU
		{1806F65C-C671-410F-9F04-B65EA02354B6}.Release|Any CPU.ActiveCfg = Release|Any CPU
		{1806F65C-C671-410F-9F04-B65EA02354B6}.Release|Any CPU.Build.0 = Release|Any CPU
		{1806F65C-C671-410F-9F04-B65EA02354B6}.Release|x64.ActiveCfg = Release|Any CPU
		{1806F65C-C671-410F-9F04-B65EA02354B6}.Release|x64.Build.0 = Release|Any CPU
		{1806F65C-C671-410F-9F04-B65EA02354B6}.Release|x86.ActiveCfg = Release|Any CPU
		{1806F65C-C671-410F-9F04-B65EA02354B6}.Release|x86.Build.0 = Release|Any CPU
	EndGlobalSection
EndGlobal
